// !$*UTF8*$!
{
	archiveVersion = 1;
	classes = {
	};
	objectVersion = 46;
	objects = {

/* Begin PBXBuildFile section */
		07EFF713198FCA4A8676DF6F /* Pods_iBeacon.framework in Frameworks */ = {isa = PBXBuildFile; fileRef = 8F91A3DDC7EBD0D4D107F903 /* Pods_iBeacon.framework */; };
		7A3C784A1C2CD56A00E0ABA3 /* Alamofire.framework in Frameworks */ = {isa = PBXBuildFile; fileRef = 7A3C78481C2CD56A00E0ABA3 /* Alamofire.framework */; };
		7A3C784B1C2CD56A00E0ABA3 /* SwiftyJSON.framework in Frameworks */ = {isa = PBXBuildFile; fileRef = 7A3C78491C2CD56A00E0ABA3 /* SwiftyJSON.framework */; };
		7A3C784D1C2CD57300E0ABA3 /* CoreLocation.framework in Frameworks */ = {isa = PBXBuildFile; fileRef = 7A3C784C1C2CD57300E0ABA3 /* CoreLocation.framework */; };
		7AD457C61C2CC4B500F4E522 /* AppDelegate.swift in Sources */ = {isa = PBXBuildFile; fileRef = 7AD457C51C2CC4B500F4E522 /* AppDelegate.swift */; };
		7AD457C81C2CC4B500F4E522 /* ViewController.swift in Sources */ = {isa = PBXBuildFile; fileRef = 7AD457C71C2CC4B500F4E522 /* ViewController.swift */; };
		7AD457CB1C2CC4B500F4E522 /* Main.storyboard in Resources */ = {isa = PBXBuildFile; fileRef = 7AD457C91C2CC4B500F4E522 /* Main.storyboard */; };
		7AD457CD1C2CC4B500F4E522 /* Assets.xcassets in Resources */ = {isa = PBXBuildFile; fileRef = 7AD457CC1C2CC4B500F4E522 /* Assets.xcassets */; };
		7AD457D01C2CC4B500F4E522 /* LaunchScreen.storyboard in Resources */ = {isa = PBXBuildFile; fileRef = 7AD457CE1C2CC4B500F4E522 /* LaunchScreen.storyboard */; };
/* End PBXBuildFile section */

/* Begin PBXFileReference section */
		24CB555C395267466393679D /* Pods-iBeacon.debug.xcconfig */ = {isa = PBXFileReference; includeInIndex = 1; lastKnownFileType = text.xcconfig; name = "Pods-iBeacon.debug.xcconfig"; path = "Pods/Target Support Files/Pods-iBeacon/Pods-iBeacon.debug.xcconfig"; sourceTree = "<group>"; };
		442E1449019ED47430821038 /* Pods-iBeacon.release.xcconfig */ = {isa = PBXFileReference; includeInIndex = 1; lastKnownFileType = text.xcconfig; name = "Pods-iBeacon.release.xcconfig"; path = "Pods/Target Support Files/Pods-iBeacon/Pods-iBeacon.release.xcconfig"; sourceTree = "<group>"; };
		7A3C78481C2CD56A00E0ABA3 /* Alamofire.framework */ = {isa = PBXFileReference; lastKnownFileType = wrapper.framework; name = Alamofire.framework; path = "Pods/../build/Debug-iphoneos/Alamofire.framework"; sourceTree = "<group>"; };
		7A3C78491C2CD56A00E0ABA3 /* SwiftyJSON.framework */ = {isa = PBXFileReference; lastKnownFileType = wrapper.framework; name = SwiftyJSON.framework; path = "Pods/../build/Debug-iphoneos/SwiftyJSON.framework"; sourceTree = "<group>"; };
		7A3C784C1C2CD57300E0ABA3 /* CoreLocation.framework */ = {isa = PBXFileReference; lastKnownFileType = wrapper.framework; name = CoreLocation.framework; path = System/Library/Frameworks/CoreLocation.framework; sourceTree = SDKROOT; };
		7AD457C21C2CC4B500F4E522 /* iBeacon.app */ = {isa = PBXFileReference; explicitFileType = wrapper.application; includeInIndex = 0; path = iBeacon.app; sourceTree = BUILT_PRODUCTS_DIR; };
		7AD457C51C2CC4B500F4E522 /* AppDelegate.swift */ = {isa = PBXFileReference; lastKnownFileType = sourcecode.swift; path = AppDelegate.swift; sourceTree = "<group>"; };
		7AD457C71C2CC4B500F4E522 /* ViewController.swift */ = {isa = PBXFileReference; lastKnownFileType = sourcecode.swift; path = ViewController.swift; sourceTree = "<group>"; };
		7AD457CA1C2CC4B500F4E522 /* Base */ = {isa = PBXFileReference; lastKnownFileType = file.storyboard; name = Base; path = Base.lproj/Main.storyboard; sourceTree = "<group>"; };
		7AD457CC1C2CC4B500F4E522 /* Assets.xcassets */ = {isa = PBXFileReference; lastKnownFileType = folder.assetcatalog; path = Assets.xcassets; sourceTree = "<group>"; };
		7AD457CF1C2CC4B500F4E522 /* Base */ = {isa = PBXFileReference; lastKnownFileType = file.storyboard; name = Base; path = Base.lproj/LaunchScreen.storyboard; sourceTree = "<group>"; };
		7AD457D11C2CC4B500F4E522 /* Info.plist */ = {isa = PBXFileReference; lastKnownFileType = text.plist.xml; path = Info.plist; sourceTree = "<group>"; };
		8F91A3DDC7EBD0D4D107F903 /* Pods_iBeacon.framework */ = {isa = PBXFileReference; explicitFileType = wrapper.framework; includeInIndex = 0; path = Pods_iBeacon.framework; sourceTree = BUILT_PRODUCTS_DIR; };
/* End PBXFileReference section */

/* Begin PBXFrameworksBuildPhase section */
		7AD457BF1C2CC4B500F4E522 /* Frameworks */ = {
			isa = PBXFrameworksBuildPhase;
			buildActionMask = 2147483647;
			files = (
				7A3C784D1C2CD57300E0ABA3 /* CoreLocation.framework in Frameworks */,
				7A3C784A1C2CD56A00E0ABA3 /* Alamofire.framework in Frameworks */,
				7A3C784B1C2CD56A00E0ABA3 /* SwiftyJSON.framework in Frameworks */,
				07EFF713198FCA4A8676DF6F /* Pods_iBeacon.framework in Frameworks */,
			);
			runOnlyForDeploymentPostprocessing = 0;
		};
/* End PBXFrameworksBuildPhase section */

/* Begin PBXGroup section */
		71B6E4BBD5E1DCCA3E77E4BB /* Pods */ = {
			isa = PBXGroup;
			children = (
				24CB555C395267466393679D /* Pods-iBeacon.debug.xcconfig */,
				442E1449019ED47430821038 /* Pods-iBeacon.release.xcconfig */,
			);
			name = Pods;
			sourceTree = "<group>";
		};
		7AD457B91C2CC4B500F4E522 = {
			isa = PBXGroup;
			children = (
				7AD457C41C2CC4B500F4E522 /* iBeacon */,
				7AD457C31C2CC4B500F4E522 /* Products */,
				71B6E4BBD5E1DCCA3E77E4BB /* Pods */,
				7F188DD407D82D5C29585034 /* Frameworks */,
			);
			sourceTree = "<group>";
		};
		7AD457C31C2CC4B500F4E522 /* Products */ = {
			isa = PBXGroup;
			children = (
				7AD457C21C2CC4B500F4E522 /* iBeacon.app */,
			);
			name = Products;
			sourceTree = "<group>";
		};
		7AD457C41C2CC4B500F4E522 /* iBeacon */ = {
			isa = PBXGroup;
			children = (
				7AD457C51C2CC4B500F4E522 /* AppDelegate.swift */,
				7AD457C71C2CC4B500F4E522 /* ViewController.swift */,
				7AD457C91C2CC4B500F4E522 /* Main.storyboard */,
				7AD457CC1C2CC4B500F4E522 /* Assets.xcassets */,
				7AD457CE1C2CC4B500F4E522 /* LaunchScreen.storyboard */,
				7AD457D11C2CC4B500F4E522 /* Info.plist */,
			);
			path = iBeacon;
			sourceTree = "<group>";
		};
		7F188DD407D82D5C29585034 /* Frameworks */ = {
			isa = PBXGroup;
			children = (
				7A3C784C1C2CD57300E0ABA3 /* CoreLocation.framework */,
				7A3C78481C2CD56A00E0ABA3 /* Alamofire.framework */,
				7A3C78491C2CD56A00E0ABA3 /* SwiftyJSON.framework */,
				8F91A3DDC7EBD0D4D107F903 /* Pods_iBeacon.framework */,
			);
			name = Frameworks;
			sourceTree = "<group>";
		};
/* End PBXGroup section */

/* Begin PBXNativeTarget section */
		7AD457C11C2CC4B500F4E522 /* iBeacon */ = {
			isa = PBXNativeTarget;
			buildConfigurationList = 7AD457D41C2CC4B500F4E522 /* Build configuration list for PBXNativeTarget "iBeacon" */;
			buildPhases = (
				F504778019561E0FE00F24BB /* Check Pods Manifest.lock */,
				7AD457BE1C2CC4B500F4E522 /* Sources */,
				7AD457BF1C2CC4B500F4E522 /* Frameworks */,
				7AD457C01C2CC4B500F4E522 /* Resources */,
				8AC7755941D3970BB24BED0F /* Embed Pods Frameworks */,
				DA44A8C09FF865F456FFC2EA /* Copy Pods Resources */,
			);
			buildRules = (
			);
			dependencies = (
			);
			name = iBeacon;
			productName = iBeacon;
			productReference = 7AD457C21C2CC4B500F4E522 /* iBeacon.app */;
			productType = "com.apple.product-type.application";
		};
/* End PBXNativeTarget section */

/* Begin PBXProject section */
		7AD457BA1C2CC4B500F4E522 /* Project object */ = {
			isa = PBXProject;
			attributes = {
				LastSwiftUpdateCheck = 0720;
				LastUpgradeCheck = 0720;
				ORGANIZATIONNAME = "Satoshi Hirade";
				TargetAttributes = {
					7AD457C11C2CC4B500F4E522 = {
						CreatedOnToolsVersion = 7.2;
						DevelopmentTeam = K82CRV5DG8;
					};
				};
			};
			buildConfigurationList = 7AD457BD1C2CC4B500F4E522 /* Build configuration list for PBXProject "iBeacon" */;
			compatibilityVersion = "Xcode 3.2";
			developmentRegion = English;
			hasScannedForEncodings = 0;
			knownRegions = (
				en,
				Base,
			);
			mainGroup = 7AD457B91C2CC4B500F4E522;
			productRefGroup = 7AD457C31C2CC4B500F4E522 /* Products */;
			projectDirPath = "";
			projectRoot = "";
			targets = (
				7AD457C11C2CC4B500F4E522 /* iBeacon */,
			);
		};
/* End PBXProject section */

/* Begin PBXResourcesBuildPhase section */
		7AD457C01C2CC4B500F4E522 /* Resources */ = {
			isa = PBXResourcesBuildPhase;
			buildActionMask = 2147483647;
			files = (
				7AD457D01C2CC4B500F4E522 /* LaunchScreen.storyboard in Resources */,
				7AD457CD1C2CC4B500F4E522 /* Assets.xcassets in Resources */,
				7AD457CB1C2CC4B500F4E522 /* Main.storyboard in Resources */,
			);
			runOnlyForDeploymentPostprocessing = 0;
		};
/* End PBXResourcesBuildPhase section */

/* Begin PBXShellScriptBuildPhase section */
		8AC7755941D3970BB24BED0F /* Embed Pods Frameworks */ = {
			isa = PBXShellScriptBuildPhase;
			buildActionMask = 2147483647;
			files = (
			);
			inputPaths = (
			);
			name = "Embed Pods Frameworks";
			outputPaths = (
			);
			runOnlyForDeploymentPostprocessing = 0;
			shellPath = /bin/sh;
			shellScript = "\"${SRCROOT}/Pods/Target Support Files/Pods-iBeacon/Pods-iBeacon-frameworks.sh\"\n";
			showEnvVarsInLog = 0;
		};
		DA44A8C09FF865F456FFC2EA /* Copy Pods Resources */ = {
			isa = PBXShellScriptBuildPhase;
			buildActionMask = 2147483647;
			files = (
			);
			inputPaths = (
			);
			name = "Copy Pods Resources";
			outputPaths = (
			);
			runOnlyForDeploymentPostprocessing = 0;
			shellPath = /bin/sh;
			shellScript = "\"${SRCROOT}/Pods/Target Support Files/Pods-iBeacon/Pods-iBeacon-resources.sh\"\n";
			showEnvVarsInLog = 0;
		};
		F504778019561E0FE00F24BB /* Check Pods Manifest.lock */ = {
			isa = PBXShellScriptBuildPhase;
			buildActionMask = 2147483647;
			files = (
			);
			inputPaths = (
			);
			name = "Check Pods Manifest.lock";
			outputPaths = (
			);
			runOnlyForDeploymentPostprocessing = 0;
			shellPath = /bin/sh;
			shellScript = "diff \"${PODS_ROOT}/../Podfile.lock\" \"${PODS_ROOT}/Manifest.lock\" > /dev/null\nif [[ $? != 0 ]] ; then\n    cat << EOM\nerror: The sandbox is not in sync with the Podfile.lock. Run 'pod install' or update your CocoaPods installation.\nEOM\n    exit 1\nfi\n";
			showEnvVarsInLog = 0;
		};
/* End PBXShellScriptBuildPhase section */

/* Begin PBXSourcesBuildPhase section */
		7AD457BE1C2CC4B500F4E522 /* Sources */ = {
			isa = PBXSourcesBuildPhase;
			buildActionMask = 2147483647;
			files = (
				7AD457C81C2CC4B500F4E522 /* ViewController.swift in Sources */,
				7AD457C61C2CC4B500F4E522 /* AppDelegate.swift in Sources */,
			);
			runOnlyForDeploymentPostprocessing = 0;
		};
/* End PBXSourcesBuildPhase section */

/* Begin PBXVariantGroup section */
		7AD457C91C2CC4B500F4E522 /* Main.storyboard */ = {
			isa = PBXVariantGroup;
			children = (
				7AD457CA1C2CC4B500F4E522 /* Base */,
			);
			name = Main.storyboard;
			sourceTree = "<group>";
		};
		7AD457CE1C2CC4B500F4E522 /* LaunchScreen.storyboard */ = {
			isa = PBXVariantGroup;
			children = (
				7AD457CF1C2CC4B500F4E522 /* Base */,
			);
			name = LaunchScreen.storyboard;
			sourceTree = "<group>";
		};
/* End PBXVariantGroup section */

/* Begin XCBuildConfiguration section */
		7AD457D21C2CC4B500F4E522 /* Debug */ = {
			isa = XCBuildConfiguration;
			buildSettings = {
				ALWAYS_SEARCH_USER_PATHS = NO;
				CLANG_CXX_LANGUAGE_STANDARD = "gnu++0x";
				CLANG_CXX_LIBRARY = "libc++";
				CLANG_ENABLE_MODULES = YES;
				CLANG_ENABLE_OBJC_ARC = YES;
				CLANG_WARN_BOOL_CONVERSION = YES;
				CLANG_WARN_CONSTANT_CONVERSION = YES;
				CLANG_WARN_DIRECT_OBJC_ISA_USAGE = YES_ERROR;
				CLANG_WARN_EMPTY_BODY = YES;
				CLANG_WARN_ENUM_CONVERSION = YES;
				CLANG_WARN_INT_CONVERSION = YES;
				CLANG_WARN_OBJC_ROOT_CLASS = YES_ERROR;
				CLANG_WARN_UNREACHABLE_CODE = YES;
				CLANG_WARN__DUPLICATE_METHOD_MATCH = YES;
				"CODE_SIGN_IDENTITY[sdk=iphoneos*]" = "iPhone Developer";
				COPY_PHASE_STRIP = NO;
				DEBUG_INFORMATION_FORMAT = dwarf;
				ENABLE_STRICT_OBJC_MSGSEND = YES;
				ENABLE_TESTABILITY = YES;
				GCC_C_LANGUAGE_STANDARD = gnu99;
				GCC_DYNAMIC_NO_PIC = NO;
				GCC_NO_COMMON_BLOCKS = YES;
				GCC_OPTIMIZATION_LEVEL = 0;
				GCC_PREPROCESSOR_DEFINITIONS = (
					"DEBUG=1",
					"$(inherited)",
				);
				GCC_WARN_64_TO_32_BIT_CONVERSION = YES;
				GCC_WARN_ABOUT_RETURN_TYPE = YES_ERROR;
				GCC_WARN_UNDECLARED_SELECTOR = YES;
				GCC_WARN_UNINITIALIZED_AUTOS = YES_AGGRESSIVE;
				GCC_WARN_UNUSED_FUNCTION = YES;
				GCC_WARN_UNUSED_VARIABLE = YES;
				IPHONEOS_DEPLOYMENT_TARGET = 9.2;
				MTL_ENABLE_DEBUG_INFO = YES;
				ONLY_ACTIVE_ARCH = YES;
				SDKROOT = iphoneos;
				SWIFT_OPTIMIZATION_LEVEL = "-Onone";
				TARGETED_DEVICE_FAMILY = "1,2";
			};
			name = Debug;
		};
		7AD457D31C2CC4B500F4E522 /* Release */ = {
			isa = XCBuildConfiguration;
			buildSettings = {
				ALWAYS_SEARCH_USER_PATHS = NO;
				CLANG_CXX_LANGUAGE_STANDARD = "gnu++0x";
				CLANG_CXX_LIBRARY = "libc++";
				CLANG_ENABLE_MODULES = YES;
				CLANG_ENABLE_OBJC_ARC = YES;
				CLANG_WARN_BOOL_CONVERSION = YES;
				CLANG_WARN_CONSTANT_CONVERSION = YES;
				CLANG_WARN_DIRECT_OBJC_ISA_USAGE = YES_ERROR;
				CLANG_WARN_EMPTY_BODY = YES;
				CLANG_WARN_ENUM_CONVERSION = YES;
				CLANG_WARN_INT_CONVERSION = YES;
				CLANG_WARN_OBJC_ROOT_CLASS = YES_ERROR;
				CLANG_WARN_UNREACHABLE_CODE = YES;
				CLANG_WARN__DUPLICATE_METHOD_MATCH = YES;
				"CODE_SIGN_IDENTITY[sdk=iphoneos*]" = "iPhone Developer";
				COPY_PHASE_STRIP = NO;
				DEBUG_INFORMATION_FORMAT = "dwarf-with-dsym";
				ENABLE_NS_ASSERTIONS = NO;
				ENABLE_STRICT_OBJC_MSGSEND = YES;
				GCC_C_LANGUAGE_STANDARD = gnu99;
				GCC_NO_COMMON_BLOCKS = YES;
				GCC_WARN_64_TO_32_BIT_CONVERSION = YES;
				GCC_WARN_ABOUT_RETURN_TYPE = YES_ERROR;
				GCC_WARN_UNDECLARED_SELECTOR = YES;
				GCC_WARN_UNINITIALIZED_AUTOS = YES_AGGRESSIVE;
				GCC_WARN_UNUSED_FUNCTION = YES;
				GCC_WARN_UNUSED_VARIABLE = YES;
				IPHONEOS_DEPLOYMENT_TARGET = 9.2;
				MTL_ENABLE_DEBUG_INFO = NO;
				SDKROOT = iphoneos;
				TARGETED_DEVICE_FAMILY = "1,2";
				VALIDATE_PRODUCT = YES;
			};
			name = Release;
		};
		7AD457D51C2CC4B500F4E522 /* Debug */ = {
			isa = XCBuildConfiguration;
			baseConfigurationReference = 24CB555C395267466393679D /* Pods-iBeacon.debug.xcconfig */;
			buildSettings = {
				ASSETCATALOG_COMPILER_APPICON_NAME = AppIcon;
				CODE_SIGN_IDENTITY = "iPhone Developer";
				"CODE_SIGN_IDENTITY[sdk=iphoneos*]" = "iPhone Developer";
				FRAMEWORK_SEARCH_PATHS = (
					"$(inherited)",
					"$(PROJECT_DIR)/build/Debug-iphoneos",
				);
				INFOPLIST_FILE = iBeacon/Info.plist;
				LD_RUNPATH_SEARCH_PATHS = "$(inherited) @executable_path/Frameworks";
				PRODUCT_BUNDLE_IDENTIFIER = com.example.www.iBeacon;
				PRODUCT_NAME = "$(TARGET_NAME)";
				PROVISIONING_PROFILE = "";
			};
			name = Debug;
		};
		7AD457D61C2CC4B500F4E522 /* Release */ = {
			isa = XCBuildConfiguration;
			baseConfigurationReference = 442E1449019ED47430821038 /* Pods-iBeacon.release.xcconfig */;
			buildSettings = {
				ASSETCATALOG_COMPILER_APPICON_NAME = AppIcon;
				CODE_SIGN_IDENTITY = "iPhone Developer";
				"CODE_SIGN_IDENTITY[sdk=iphoneos*]" = "iPhone Developer";
				FRAMEWORK_SEARCH_PATHS = (
					"$(inherited)",
					"$(PROJECT_DIR)/build/Debug-iphoneos",
				);
				INFOPLIST_FILE = iBeacon/Info.plist;
				LD_RUNPATH_SEARCH_PATHS = "$(inherited) @executable_path/Frameworks";
				PRODUCT_BUNDLE_IDENTIFIER = com.example.www.iBeacon;
				PRODUCT_NAME = "$(TARGET_NAME)";
				PROVISIONING_PROFILE = "";
			};
			name = Release;
		};
/* End XCBuildConfiguration section */

/* Begin XCConfigurationList section */
		7AD457BD1C2CC4B500F4E522 /* Build configuration list for PBXProject "iBeacon" */ = {
			isa = XCConfigurationList;
			buildConfigurations = (
				7AD457D21C2CC4B500F4E522 /* Debug */,
				7AD457D31C2CC4B500F4E522 /* Release */,
			);
			defaultConfigurationIsVisible = 0;
			defaultConfigurationName = Release;
		};
		7AD457D41C2CC4B500F4E522 /* Build configuration list for PBXNativeTarget "iBeacon" */ = {
			isa = XCConfigurationList;
			buildConfigurations = (
				7AD457D51C2CC4B500F4E522 /* Debug */,
				7AD457D61C2CC4B500F4E522 /* Release */,
			);
			defaultConfigurationIsVisible = 0;
			defaultConfigurationName = Release;
		};
/* End XCConfigurationList section */
	};
	rootObject = 7AD457BA1C2CC4B500F4E522 /* Project object */;
}
